
Microsoft Visual Studio Solution File, Format Version 12.00
# Visual Studio 2017
Project("{FAE04EC0-301F-11D3-BF4B-00C04F79EFBC}") = "Project_DAHYUN", "Project_DAHYUN.csproj", "{03A44E0B-BF05-2AE0-5D97-BEC76742E154}"
EndProject
Global
	GlobalSection(SolutionConfigurationPlatforms) = preSolution
		Debug|Any CPU = Debug|Any CPU
		Release|Any CPU = Release|Any CPU
	EndGlobalSection
	GlobalSection(ProjectConfigurationPlatforms) = postSolution
		{03A44E0B-BF05-2AE0-5D97-BEC76742E154}.Debug|Any CPU.ActiveCfg = Debug|Any CPU
		{03A44E0B-BF05-2AE0-5D97-BEC76742E154}.Debug|Any CPU.Build.0 = Debug|Any CPU
		{03A44E0B-BF05-2AE0-5D97-BEC76742E154}.Release|Any CPU.ActiveCfg = Release|Any CPU
		{03A44E0B-BF05-2AE0-5D97-BEC76742E154}.Release|Any CPU.Build.0 = Release|Any CPU
	EndGlobalSection
	GlobalSection(SolutionProperties) = preSolution
		HideSolutionNode = FALSE
	EndGlobalSection
EndGlobal
